
Microsoft Visual Studio Solution File, Format Version 12.00
# Visual Studio 15
VisualStudioVersion = 15.0.27703.2018
MinimumVisualStudioVersion = 10.0.40219.1
Project("{9A19103F-16F7-4668-BE54-9A1E7A4F7556}") = "netcore.client1", "netcore.client1\netcore.client1.csproj", "{5E8356C7-5709-40F2-9FC0-7FC08F8A1FC8}"
EndProject
Project("{2150E333-8FDC-42A3-9474-1A3956D46DE8}") = "AutoLoginClient", "AutoLoginClient", "{BAAFF0A4-2DF6-47B2-834A-752B7BADC0C0}"
EndProject
Project("{9A19103F-16F7-4668-BE54-9A1E7A4F7556}") = "netcore.client2", "netcore.client2\netcore.client2.csproj", "{B8E4AEC7-A773-458E-9F28-2354C9212C3A}"
EndProject
Project("{FAE04EC0-301F-11D3-BF4B-00C04F79EFBC}") = "netfx.client1", "netfx.client1\netfx.client1.csproj", "{C4973015-CC81-4AC9-BAD0-7A634E8943F6}"
EndProject
Project("{FAE04EC0-301F-11D3-BF4B-00C04F79EFBC}") = "netfx.client2", "netfx.client2\netfx.client2.csproj", "{8B917E20-ACB5-46FC-858F-6474F45BFB5B}"
EndProject
Project("{2150E333-8FDC-42A3-9474-1A3956D46DE8}") = "CheckLoginClient", "CheckLoginClient", "{84E46D1E-20B4-4172-9BBC-6EA9AA67A281}"
EndProject
Project("{FAE04EC0-301F-11D3-BF4B-00C04F79EFBC}") = "netfx.client3", "netfx.client3\netfx.client3.csproj", "{4BB669F3-1394-4679-ADAF-D21B519D8C12}"
EndProject
Project("{FAE04EC0-301F-11D3-BF4B-00C04F79EFBC}") = "netfx.client4", "netfx.client4\netfx.client4.csproj", "{D00CEC78-2C43-4E1F-942D-FD879B5CB24F}"
EndProject
Project("{9A19103F-16F7-4668-BE54-9A1E7A4F7556}") = "netcore.client3", "netcore.client3\netcore.client3.csproj", "{973FFECC-4F16-4295-AB7D-214A5DD3F0B3}"
EndProject
Project("{9A19103F-16F7-4668-BE54-9A1E7A4F7556}") = "netcore.client4", "netcore.client4\netcore.client4.csproj", "{0B11F86E-98CF-4475-B131-E26E08A723AD}"
EndProject
Project("{2150E333-8FDC-42A3-9474-1A3956D46DE8}") = "CLIENT", "CLIENT", "{CAF8ED57-7C30-4538-9A30-06B6EFA7787B}"
EndProject
Project("{2150E333-8FDC-42A3-9474-1A3956D46DE8}") = "RESOURCE", "RESOURCE", "{EE822DD0-FB49-467B-8DD1-26AB49612457}"
EndProject
Project("{9A19103F-16F7-4668-BE54-9A1E7A4F7556}") = "netcore.api", "netcore.api\netcore.api.csproj", "{2DD1758A-479E-4729-A6C2-59351A6808A8}"
EndProject
Project("{FAE04EC0-301F-11D3-BF4B-00C04F79EFBC}") = "netfx.api", "netfx.api\netfx.api.csproj", "{D5504F83-7E6D-4528-A6C9-6F33BB2D846C}"
EndProject
Project("{FAE04EC0-301F-11D3-BF4B-00C04F79EFBC}") = "MyIdentityServer", "MyIdentityServer\MyIdentityServer.csproj", "{14270387-FCA4-4815-A38D-AB75839884AE}"
EndProject
Global
	GlobalSection(SolutionConfigurationPlatforms) = preSolution
		Debug|Any CPU = Debug|Any CPU
		Release|Any CPU = Release|Any CPU
	EndGlobalSection
	GlobalSection(ProjectConfigurationPlatforms) = postSolution
		{5E8356C7-5709-40F2-9FC0-7FC08F8A1FC8}.Debug|Any CPU.ActiveCfg = Debug|Any CPU
		{5E8356C7-5709-40F2-9FC0-7FC08F8A1FC8}.Debug|Any CPU.Build.0 = Debug|Any CPU
		{5E8356C7-5709-40F2-9FC0-7FC08F8A1FC8}.Release|Any CPU.ActiveCfg = Release|Any CPU
		{5E8356C7-5709-40F2-9FC0-7FC08F8A1FC8}.Release|Any CPU.Build.0 = Release|Any CPU
		{B8E4AEC7-A773-458E-9F28-2354C9212C3A}.Debug|Any CPU.ActiveCfg = Debug|Any CPU
		{B8E4AEC7-A773-458E-9F28-2354C9212C3A}.Debug|Any CPU.Build.0 = Debug|Any CPU
		{B8E4AEC7-A773-458E-9F28-2354C9212C3A}.Release|Any CPU.ActiveCfg = Release|Any CPU
		{B8E4AEC7-A773-458E-9F28-2354C9212C3A}.Release|Any CPU.Build.0 = Release|Any CPU
		{C4973015-CC81-4AC9-BAD0-7A634E8943F6}.Debug|Any CPU.ActiveCfg = Debug|Any CPU
		{C4973015-CC81-4AC9-BAD0-7A634E8943F6}.Debug|Any CPU.Build.0 = Debug|Any CPU
		{C4973015-CC81-4AC9-BAD0-7A634E8943F6}.Release|Any CPU.ActiveCfg = Release|Any CPU
		{C4973015-CC81-4AC9-BAD0-7A634E8943F6}.Release|Any CPU.Build.0 = Release|Any CPU
		{8B917E20-ACB5-46FC-858F-6474F45BFB5B}.Debug|Any CPU.ActiveCfg = Debug|Any CPU
		{8B917E20-ACB5-46FC-858F-6474F45BFB5B}.Debug|Any CPU.Build.0 = Debug|Any CPU
		{8B917E20-ACB5-46FC-858F-6474F45BFB5B}.Release|Any CPU.ActiveCfg = Release|Any CPU
		{8B917E20-ACB5-46FC-858F-6474F45BFB5B}.Release|Any CPU.Build.0 = Release|Any CPU
		{4BB669F3-1394-4679-ADAF-D21B519D8C12}.Debug|Any CPU.ActiveCfg = Debug|Any CPU
		{4BB669F3-1394-4679-ADAF-D21B519D8C12}.Debug|Any CPU.Build.0 = Debug|Any CPU
		{4BB669F3-1394-4679-ADAF-D21B519D8C12}.Release|Any CPU.ActiveCfg = Release|Any CPU
		{4BB669F3-1394-4679-ADAF-D21B519D8C12}.Release|Any CPU.Build.0 = Release|Any CPU
		{D00CEC78-2C43-4E1F-942D-FD879B5CB24F}.Debug|Any CPU.ActiveCfg = Debug|Any CPU
		{D00CEC78-2C43-4E1F-942D-FD879B5CB24F}.Debug|Any CPU.Build.0 = Debug|Any CPU
		{D00CEC78-2C43-4E1F-942D-FD879B5CB24F}.Release|Any CPU.ActiveCfg = Release|Any CPU
		{D00CEC78-2C43-4E1F-942D-FD879B5CB24F}.Release|Any CPU.Build.0 = Release|Any CPU
		{973FFECC-4F16-4295-AB7D-214A5DD3F0B3}.Debug|Any CPU.ActiveCfg = Debug|Any CPU
		{973FFECC-4F16-4295-AB7D-214A5DD3F0B3}.Debug|Any CPU.Build.0 = Debug|Any CPU
		{973FFECC-4F16-4295-AB7D-214A5DD3F0B3}.Release|Any CPU.ActiveCfg = Release|Any CPU
		{973FFECC-4F16-4295-AB7D-214A5DD3F0B3}.Release|Any CPU.Build.0 = Release|Any CPU
		{0B11F86E-98CF-4475-B131-E26E08A723AD}.Debug|Any CPU.ActiveCfg = Debug|Any CPU
		{0B11F86E-98CF-4475-B131-E26E08A723AD}.Debug|Any CPU.Build.0 = Debug|Any CPU
		{0B11F86E-98CF-4475-B131-E26E08A723AD}.Release|Any CPU.ActiveCfg = Release|Any CPU
		{0B11F86E-98CF-4475-B131-E26E08A723AD}.Release|Any CPU.Build.0 = Release|Any CPU
		{2DD1758A-479E-4729-A6C2-59351A6808A8}.Debug|Any CPU.ActiveCfg = Debug|Any CPU
		{2DD1758A-479E-4729-A6C2-59351A6808A8}.Debug|Any CPU.Build.0 = Debug|Any CPU
		{2DD1758A-479E-4729-A6C2-59351A6808A8}.Release|Any CPU.ActiveCfg = Release|Any CPU
		{2DD1758A-479E-4729-A6C2-59351A6808A8}.Release|Any CPU.Build.0 = Release|Any CPU
		{D5504F83-7E6D-4528-A6C9-6F33BB2D846C}.Debug|Any CPU.ActiveCfg = Debug|Any CPU
		{D5504F83-7E6D-4528-A6C9-6F33BB2D846C}.Debug|Any CPU.Build.0 = Debug|Any CPU
		{D5504F83-7E6D-4528-A6C9-6F33BB2D846C}.Release|Any CPU.ActiveCfg = Release|Any CPU
		{D5504F83-7E6D-4528-A6C9-6F33BB2D846C}.Release|Any CPU.Build.0 = Release|Any CPU
		{14270387-FCA4-4815-A38D-AB75839884AE}.Debug|Any CPU.ActiveCfg = Debug|Any CPU
		{14270387-FCA4-4815-A38D-AB75839884AE}.Debug|Any CPU.Build.0 = Debug|Any CPU
		{14270387-FCA4-4815-A38D-AB75839884AE}.Release|Any CPU.ActiveCfg = Release|Any CPU
		{14270387-FCA4-4815-A38D-AB75839884AE}.Release|Any CPU.Build.0 = Release|Any CPU
	EndGlobalSection
	GlobalSection(SolutionProperties) = preSolution
		HideSolutionNode = FALSE
	EndGlobalSection
	GlobalSection(NestedProjects) = preSolution
		{5E8356C7-5709-40F2-9FC0-7FC08F8A1FC8} = {BAAFF0A4-2DF6-47B2-834A-752B7BADC0C0}
		{BAAFF0A4-2DF6-47B2-834A-752B7BADC0C0} = {CAF8ED57-7C30-4538-9A30-06B6EFA7787B}
		{B8E4AEC7-A773-458E-9F28-2354C9212C3A} = {BAAFF0A4-2DF6-47B2-834A-752B7BADC0C0}
		{C4973015-CC81-4AC9-BAD0-7A634E8943F6} = {BAAFF0A4-2DF6-47B2-834A-752B7BADC0C0}
		{8B917E20-ACB5-46FC-858F-6474F45BFB5B} = {BAAFF0A4-2DF6-47B2-834A-752B7BADC0C0}
		{84E46D1E-20B4-4172-9BBC-6EA9AA67A281} = {CAF8ED57-7C30-4538-9A30-06B6EFA7787B}
		{4BB669F3-1394-4679-ADAF-D21B519D8C12} = {84E46D1E-20B4-4172-9BBC-6EA9AA67A281}
		{D00CEC78-2C43-4E1F-942D-FD879B5CB24F} = {84E46D1E-20B4-4172-9BBC-6EA9AA67A281}
		{973FFECC-4F16-4295-AB7D-214A5DD3F0B3} = {84E46D1E-20B4-4172-9BBC-6EA9AA67A281}
		{0B11F86E-98CF-4475-B131-E26E08A723AD} = {84E46D1E-20B4-4172-9BBC-6EA9AA67A281}
		{2DD1758A-479E-4729-A6C2-59351A6808A8} = {EE822DD0-FB49-467B-8DD1-26AB49612457}
		{D5504F83-7E6D-4528-A6C9-6F33BB2D846C} = {EE822DD0-FB49-467B-8DD1-26AB49612457}
	EndGlobalSection
	GlobalSection(ExtensibilityGlobals) = postSolution
		SolutionGuid = {485BC85D-A8B0-4C25-BB76-B3A7A19AA20D}
	EndGlobalSection
EndGlobal
